// !$*UTF8*$!
{
	archiveVersion = 1;
	classes = {
	};
	objectVersion = 77;
	objects = {

/* Begin PBXBuildFile section */
		0034353B2EB64A71F9DCE395 /* AddEditCategoryView.swift in Sources */ = {isa = PBXBuildFile; fileRef = 8DB270BDA0015A143E923232 /* AddEditCategoryView.swift */; };
		00563EA3D0C4D050B496EF21 /* CardBackground.swift in Sources */ = {isa = PBXBuildFile; fileRef = 93FE27F914F6BB5E8C269CAA /* CardBackground.swift */; };
		046CF2EF96F3630B80971FB3 /* AutosaveCommitter.swift in Sources */ = {isa = PBXBuildFile; fileRef = D7A87AC4B589583F67447CC3 /* AutosaveCommitter.swift */; };
		06760C826405350EBE81F849 /* EmptyStateCard.swift in Sources */ = {isa = PBXBuildFile; fileRef = C8A0868033FCD294FA0FC093 /* EmptyStateCard.swift */; };
		082A052FE033348DB6347CB1 /* BalanceAdjustmentView.swift in Sources */ = {isa = PBXBuildFile; fileRef = CFA1CBAF913FE06F1E2B4602 /* BalanceAdjustmentView.swift */; };
		0B8FF746A6701F8186C95E80 /* DashboardSectionHeader.swift in Sources */ = {isa = PBXBuildFile; fileRef = 6A412EDA95CCA43894BD9B73 /* DashboardSectionHeader.swift */; };
		0CC1FFB8D6EB36D3D57D8C78 /* CreditCardPaymentView.swift in Sources */ = {isa = PBXBuildFile; fileRef = C89D36371B802ECDAD1CA3F0 /* CreditCardPaymentView.swift */; };
		0CF7DAFBCD57B8C39094F950 /* ManualAccountDeletionService.swift in Sources */ = {isa = PBXBuildFile; fileRef = FDDA6C5BB7FD16414E1ECEF1 /* ManualAccountDeletionService.swift */; };
		0D5829CD642B913E35A17B3D /* MonthlyPlanSettingsEditView.swift in Sources */ = {isa = PBXBuildFile; fileRef = AEE629BA70BA34F21E08F109 /* MonthlyPlanSettingsEditView.swift */; };
		1586EB3B77C8A0245B1059E9 /* AccountSummaryCard.swift in Sources */ = {isa = PBXBuildFile; fileRef = 1234CF0F80F912A1871FFC4E /* AccountSummaryCard.swift */; };
		166719A6E7EBC375C726B68C /* MonthlyPlanView.swift in Sources */ = {isa = PBXBuildFile; fileRef = 1525189F422766EA20818819 /* MonthlyPlanView.swift */; };
		1744E35C541089A59FF9347B /* ManualTransactionDeletionService.swift in Sources */ = {isa = PBXBuildFile; fileRef = 81E154304ABB8936655E705B /* ManualTransactionDeletionService.swift */; };
		17AAD3EB332A1928F3646B79 /* IncomeSource.swift in Sources */ = {isa = PBXBuildFile; fileRef = EFB7B805A170482A846FC470 /* IncomeSource.swift */; };
		181DCFD187827A7E345BFF44 /* WeeklyBudgetView.swift in Sources */ = {isa = PBXBuildFile; fileRef = FAACDB6802D5402D7F784800 /* WeeklyBudgetView.swift */; };
		18283E88C01E68EBF63F930A /* ExpenseListView.swift in Sources */ = {isa = PBXBuildFile; fileRef = BC30F605C185A5A4825EAA5D /* ExpenseListView.swift */; };
		183AE12411E0156D091F7914 /* ManualAccountDetailView.swift in Sources */ = {isa = PBXBuildFile; fileRef = 53508C2B83F47DE2ACCD11CC /* ManualAccountDetailView.swift */; };
		18BA9EE1EE840A3F841BF88E /* AuthFlowView.swift in Sources */ = {isa = PBXBuildFile; fileRef = FCC5B7FE687C8DB14B8A4150 /* AuthFlowView.swift */; };
		1AE6109A04BCF974ED5BB4D3 /* AuthValidation.swift in Sources */ = {isa = PBXBuildFile; fileRef = E29FD42400EA6E7F1993F6FA /* AuthValidation.swift */; };
		1B678EB5E2F65A66E36C5FC8 /* MonthlyGoalEditView.swift in Sources */ = {isa = PBXBuildFile; fileRef = 7C2A2FFF91CE0EC7FBB3E2AC /* MonthlyGoalEditView.swift */; };
		228BB3FAF2C8B78B31B95638 /* AuthTextField.swift in Sources */ = {isa = PBXBuildFile; fileRef = BE8E22705C2A6D5DD2120738 /* AuthTextField.swift */; };
		2438969362DF13C3B24A45FF /* ImportedTransactionsReviewView.swift in Sources */ = {isa = PBXBuildFile; fileRef = 948DF4EAF2CA91BB0ADBD722 /* ImportedTransactionsReviewView.swift */; };
		24F1E9C79920ECE884E90143 /* CreditUtilizationCalculator.swift in Sources */ = {isa = PBXBuildFile; fileRef = 21184532157037938C565516 /* CreditUtilizationCalculator.swift */; };
		24FE4D8B5D167FBDF6F2913B /* WeeklyLimitEditView.swift in Sources */ = {isa = PBXBuildFile; fileRef = 6E25708FCDC33197FB53D3B5 /* WeeklyLimitEditView.swift */; };
		298FBBD6D7E8045283B1E5ED /* PlaidBackendService.swift in Sources */ = {isa = PBXBuildFile; fileRef = B9021CD0AA6EE18E7B1681EE /* PlaidBackendService.swift */; };
		2EEEBA05D340CFA344020979 /* Category.swift in Sources */ = {isa = PBXBuildFile; fileRef = F2BF6D1D98C75B6E85421D54 /* Category.swift */; };
		34801C1E8CA67D461B82A1ED /* BiometricAuthManager.swift in Sources */ = {isa = PBXBuildFile; fileRef = 70A5C75D5965C038A5AF7DA3 /* BiometricAuthManager.swift */; };
		3562A434DF5873D1223A034B /* CategoryPickerCard.swift in Sources */ = {isa = PBXBuildFile; fileRef = CA0D3F5B511C2951F9CCC31E /* CategoryPickerCard.swift */; };
		356DABD0CC19DB561918B2D5 /* FinanceTransaction.swift in Sources */ = {isa = PBXBuildFile; fileRef = C8B61A30FB32BE57567FBB0D /* FinanceTransaction.swift */; };
		3E7DCE76353F8EB0E8A47003 /* PlaidTransactionDTO.swift in Sources */ = {isa = PBXBuildFile; fileRef = 36B98BDBCC203EECB13BFD49 /* PlaidTransactionDTO.swift */; };
		41794CF1184E88679984C6DC /* MonthlySummaryHeroCard.swift in Sources */ = {isa = PBXBuildFile; fileRef = 9722ECE6ADD98BFC116C6419 /* MonthlySummaryHeroCard.swift */; };
		42333DEDF3FEE91DD465C190 /* AutosaveStatusView.swift in Sources */ = {isa = PBXBuildFile; fileRef = F4559290AA2DCAF96553785C /* AutosaveStatusView.swift */; };
		4516520D84A3B592D4BD7527 /* ForgotPasswordView.swift in Sources */ = {isa = PBXBuildFile; fileRef = CBCB34D03025CA125CA7F022 /* ForgotPasswordView.swift */; };
		472E8F14D9C70CC374F4CB22 /* AccountBreakdownRow.swift in Sources */ = {isa = PBXBuildFile; fileRef = 2F864B113C531FCB3CC460FB /* AccountBreakdownRow.swift */; };
		493CA94586D7DEA8B1FFA6F5 /* SpendSmartQueryEngine.swift in Sources */ = {isa = PBXBuildFile; fileRef = 5EFC3613B341B1FC64ABE32E /* SpendSmartQueryEngine.swift */; };
		4C371F410C7C9D45CA43D5F0 /* BudgetCalculator.swift in Sources */ = {isa = PBXBuildFile; fileRef = 75EB5F990F971B8430506461 /* BudgetCalculator.swift */; };
		4D293D585FCA10DBA4E2AD44 /* AccountView.swift in Sources */ = {isa = PBXBuildFile; fileRef = 82345ED83ECF626C7CF779D9 /* AccountView.swift */; };
		4DDD8FB5AC3BA892444F89AB /* WeeklyProgressView.swift in Sources */ = {isa = PBXBuildFile; fileRef = 93253A1BA4F61C3B14B8A0A8 /* WeeklyProgressView.swift */; };
		506A2EE70166746AD9938E17 /* RecurringExpense.swift in Sources */ = {isa = PBXBuildFile; fileRef = DF788D665C454A60C056E044 /* RecurringExpense.swift */; };
		50ED86D76CAD4B7C359C6A58 /* FilterChip.swift in Sources */ = {isa = PBXBuildFile; fileRef = CB62CEE8CBD2DD135AA97436 /* FilterChip.swift */; };
		5448627E8396B1DC232CBABD /* SecurityNotesView.swift in Sources */ = {isa = PBXBuildFile; fileRef = 415FFDCE8EC5B2AEAC56B9B4 /* SecurityNotesView.swift */; };
		58CD3650D208BB152B0161C2 /* AppLockView.swift in Sources */ = {isa = PBXBuildFile; fileRef = C529927E29105333BC1C9141 /* AppLockView.swift */; };
		5C5811B9826D6A87D4ED665A /* PremiumActionButton.swift in Sources */ = {isa = PBXBuildFile; fileRef = 238C94B77B4B392A7DBCEC01 /* PremiumActionButton.swift */; };
		5D4D13D343DDD78F57687FE6 /* WeeklyMonthlyTotalCard.swift in Sources */ = {isa = PBXBuildFile; fileRef = 9EEAB456DF5D293B646FDADB /* WeeklyMonthlyTotalCard.swift */; };
		5E571287ADF3D4561FB585A4 /* logo_source.png in Resources */ = {isa = PBXBuildFile; fileRef = B98D73949A93A1898F2D8C0E /* logo_source.png */; };
		5EA4DA29ACB02885EE526C8F /* SupabaseConfig.swift in Sources */ = {isa = PBXBuildFile; fileRef = 8BA64FCAEABF27E8F644AC76 /* SupabaseConfig.swift */; };
		612FFDFDD5E3C753077ABAD0 /* PrivacyModeManager.swift in Sources */ = {isa = PBXBuildFile; fileRef = 6CB91B55414CBB355354A3D6 /* PrivacyModeManager.swift */; };
		62075D9C735E5C3F442CD579 /* SampleData.swift in Sources */ = {isa = PBXBuildFile; fileRef = 01B36DFEA86DD685AD7986C9 /* SampleData.swift */; };
		620DD59ACB8157D173B0FF93 /* AddEditIncomeSourceView.swift in Sources */ = {isa = PBXBuildFile; fileRef = E78AF7586593D6CA98050D28 /* AddEditIncomeSourceView.swift */; };
		6746679D56B60CC7277D19F6 /* SpendSmartBackupService.swift in Sources */ = {isa = PBXBuildFile; fileRef = 4FFA74E8536B81D4C8D41351 /* SpendSmartBackupService.swift */; };
		697A6594AA0DD4DE3B23C062 /* PlanFrequency.swift in Sources */ = {isa = PBXBuildFile; fileRef = 8FC9529510C471466A8CC613 /* PlanFrequency.swift */; };
		6BEC2460FF0BE9D10B35CFE1 /* SpendingCardView.swift in Sources */ = {isa = PBXBuildFile; fileRef = 4F65E0405B7FE444B19F1865 /* SpendingCardView.swift */; };
		6D19F574754A5794517B5AD1 /* TransactionMatcher.swift in Sources */ = {isa = PBXBuildFile; fileRef = 0924C4CCF567BFF0B0DAEE1C /* TransactionMatcher.swift */; };
		71682EE6C46DEA52E513D69B /* AddExpenseView.swift in Sources */ = {isa = PBXBuildFile; fileRef = 12D44CF1E9E71B9990DF5CD8 /* AddExpenseView.swift */; };
		73578200092F61F898873E33 /* AuthenticationService.swift in Sources */ = {isa = PBXBuildFile; fileRef = DF6CE08EB16D1FD048CFF23A /* AuthenticationService.swift */; };
		777566E8F150F726236EB582 /* CurrencyAmountField.swift in Sources */ = {isa = PBXBuildFile; fileRef = FF7D9F34345C73B0D4F9545C /* CurrencyAmountField.swift */; };
		777ACC98932F585EB8708975 /* BudgetSettings.swift in Sources */ = {isa = PBXBuildFile; fileRef = A6CA09325D5280FE8EC42D86 /* BudgetSettings.swift */; };
		7865EFF918E7042399C7A229 /* PrivacyAmountView.swift in Sources */ = {isa = PBXBuildFile; fileRef = B5B5E152C29349A473EA4ADF /* PrivacyAmountView.swift */; };
		7991AC89E5995B494A542C89 /* Supabase in Frameworks */ = {isa = PBXBuildFile; productRef = CC5B0E92835132963ABF1D6F /* Supabase */; };
		7C8E45056FEBD60BF1FD21D9 /* PlaidConnectionManager.swift in Sources */ = {isa = PBXBuildFile; fileRef = 94A8C9BED4B02DC908468BE6 /* PlaidConnectionManager.swift */; };
		7FB8B7279079767030F98DF9 /* TransactionSyncProvider.swift in Sources */ = {isa = PBXBuildFile; fileRef = ABA1A361A634A292F96BD4C9 /* TransactionSyncProvider.swift */; };
		8097714A1C1D8EB73FFABBD8 /* SignInView.swift in Sources */ = {isa = PBXBuildFile; fileRef = A82DF2CF6235C8389E0E7BD1 /* SignInView.swift */; };
		83998F4D82465C966D8C99F7 /* SettingsView.swift in Sources */ = {isa = PBXBuildFile; fileRef = 5DCC766BC7CD4B6AC59E5639 /* SettingsView.swift */; };
		85F7FD379A8DB2AAD49BB609 /* PlaidTransactionImportService.swift in Sources */ = {isa = PBXBuildFile; fileRef = 2CA77315B48380278DD520FD /* PlaidTransactionImportService.swift */; };
		882D741F49754512A502F631 /* AccountCard.swift in Sources */ = {isa = PBXBuildFile; fileRef = 6CAE4C73817D11F8DC62B8A0 /* AccountCard.swift */; };
		89B25CB32B22A52B89B3FA91 /* AmountText.swift in Sources */ = {isa = PBXBuildFile; fileRef = C03BB75866DB8851C08F0FD4 /* AmountText.swift */; };
		8B657528068098B350CCBA1E /* SpendSmartLogo.jpg in Resources */ = {isa = PBXBuildFile; fileRef = B1CC778D0D787A09E1B1D546 /* SpendSmartLogo.jpg */; };
		8E865ECE128EE599A83B1B44 /* TransactionRow.swift in Sources */ = {isa = PBXBuildFile; fileRef = 4A679BB76D8D2E20520E7CCC /* TransactionRow.swift */; };
		9898DFD317439CB56240B0C6 /* LabeledPickerRow.swift in Sources */ = {isa = PBXBuildFile; fileRef = 4DB0FEB88F317B1405E32857 /* LabeledPickerRow.swift */; };
		A4C88AD2200F5DA233E1293E /* FinanceTrackTests.swift in Sources */ = {isa = PBXBuildFile; fileRef = A24401D381085E1EB8FF0371 /* FinanceTrackTests.swift */; };
		A79B5EEEC6EC89A108D39C6A /* TransactionToggleRow.swift in Sources */ = {isa = PBXBuildFile; fileRef = 39B0777136A21A4D982B0B60 /* TransactionToggleRow.swift */; };
		AEC26BBAFD37191D42199585 /* FinanceTrackApp.swift in Sources */ = {isa = PBXBuildFile; fileRef = 004BE195389EB9F6ED821DE1 /* FinanceTrackApp.swift */; };
		AF04CC2CED2334E59F04516B /* VerifyEmailView.swift in Sources */ = {isa = PBXBuildFile; fileRef = F4B36F8C20FC1A9F11A448C6 /* VerifyEmailView.swift */; };
		B27D49C5033048208FCE76DD /* AuthLandingView.swift in Sources */ = {isa = PBXBuildFile; fileRef = 6E5C216C38C5F5A145DC2D5C /* AuthLandingView.swift */; };
		B307624F3FCD23E7EDAC0DFF /* AddEditRecurringExpenseView.swift in Sources */ = {isa = PBXBuildFile; fileRef = 59D7D12638C1E8B5AE943162 /* AddEditRecurringExpenseView.swift */; };
		B5FB6BA688F9D7A2C0E2EF29 /* AutoBackupManager.swift in Sources */ = {isa = PBXBuildFile; fileRef = 40D7232E8F17BF77E7EF0038 /* AutoBackupManager.swift */; };
		B6DEC4072E940EAC1503CDE1 /* WeeklyBudgetHeroCard.swift in Sources */ = {isa = PBXBuildFile; fileRef = 8B6F9F1791F77CBC51984744 /* WeeklyBudgetHeroCard.swift */; };
		B820E063D5E5ACCDE8678342 /* MonthlyPlanCalculator.swift in Sources */ = {isa = PBXBuildFile; fileRef = 483BD555735094F903AF67BD /* MonthlyPlanCalculator.swift */; };
		B927469ABC496AA44FD4B1C7 /* MonthlyOutlookCard.swift in Sources */ = {isa = PBXBuildFile; fileRef = 90FFCD716111683DAA48DF1F /* MonthlyOutlookCard.swift */; };
		BA05F1BE25896237D648260A /* ColorHex.swift in Sources */ = {isa = PBXBuildFile; fileRef = A5CC72ACF0BEF2AE6E7BD148 /* ColorHex.swift */; };
		BC50170B1FDB95F24C8543F8 /* ConnectedAccountsView.swift in Sources */ = {isa = PBXBuildFile; fileRef = C6B6979DB6C9A05A6D425FFC /* ConnectedAccountsView.swift */; };
		BE9884AB0E3A79730AC092B2 /* WeeklyPlanComparisonRow.swift in Sources */ = {isa = PBXBuildFile; fileRef = EF775B61716BF73B7C74E5C0 /* WeeklyPlanComparisonRow.swift */; };
		BE9F4D204819C773C37B9DC8 /* DataBackupView.swift in Sources */ = {isa = PBXBuildFile; fileRef = E64DBF19C0ED8670683BF91E /* DataBackupView.swift */; };
		C2F3C8E2DFBF411993E9146F /* CategoryManagementView.swift in Sources */ = {isa = PBXBuildFile; fileRef = D2B8D2533B64C10EE946EA28 /* CategoryManagementView.swift */; };
		C68061D1F96D1793199544BE /* NewPasswordView.swift in Sources */ = {isa = PBXBuildFile; fileRef = 09AA3A8115AA59152CED0212 /* NewPasswordView.swift */; };
		C687D4EF27CF8D7845549472 /* PlanTiming.swift in Sources */ = {isa = PBXBuildFile; fileRef = 8651F1B20D748C9D9A0A94F3 /* PlanTiming.swift */; };
		C699E9A4417D434E494C6C64 /* Assets.xcassets in Resources */ = {isa = PBXBuildFile; fileRef = 16CDAB5F0D8E6FD93987B632 /* Assets.xcassets */; };
		C74B6D75C9AF54E36E3EC039 /* StatusBadge.swift in Sources */ = {isa = PBXBuildFile; fileRef = 994B35109733549E1B8EA33A /* StatusBadge.swift */; };
		CA976D87078A320AD84AF503 /* Account.swift in Sources */ = {isa = PBXBuildFile; fileRef = A0A74AE6CD7147605BC7BC6E /* Account.swift */; };
		CCAFE489DFF581E8AD0B8504 /* CreditCardDetailView.swift in Sources */ = {isa = PBXBuildFile; fileRef = 8ED0ACB38788D1CAF1B4B87B /* CreditCardDetailView.swift */; };
		D326059E8FACC1F4A46CA617 /* InsightsView.swift in Sources */ = {isa = PBXBuildFile; fileRef = FF2BA38ECA694C9B6900DD14 /* InsightsView.swift */; };
		D6AED72CD6B32EB4760CD6F0 /* AccountPickerCard.swift in Sources */ = {isa = PBXBuildFile; fileRef = AFF8162112098363BC1777AD /* AccountPickerCard.swift */; };
		D7E36969F86AAD3228597B9F /* TransactionListFilter.swift in Sources */ = {isa = PBXBuildFile; fileRef = 9B9DC12EA26540C7865EC498 /* TransactionListFilter.swift */; };
		D831E4CC39A7CA3DE26B4A0F /* AddAccountView.swift in Sources */ = {isa = PBXBuildFile; fileRef = 3B752E5D9BA737B694C7CEBA /* AddAccountView.swift */; };
		D89191E661A1466FDA2BEC5B /* CreateAccountView.swift in Sources */ = {isa = PBXBuildFile; fileRef = 72D80466B7F5900919707141 /* CreateAccountView.swift */; };
		DA82C2E95ECC731CF9750493 /* CreditUtilizationView.swift in Sources */ = {isa = PBXBuildFile; fileRef = 4EE4D69D8277B63944DD6214 /* CreditUtilizationView.swift */; };
		E48F301875A49ACB60B0BD95 /* AccountBalanceManager.swift in Sources */ = {isa = PBXBuildFile; fileRef = 9AA1DCF5C7DB128D71258D2D /* AccountBalanceManager.swift */; };
		E9E79D3CE05E97536C250F25 /* DashboardView.swift in Sources */ = {isa = PBXBuildFile; fileRef = CD7920DA6C0424A7CF5E9CA0 /* DashboardView.swift */; };
		EA38046A2EC5ACEDAF484D4B /* CategoryBreakdownRow.swift in Sources */ = {isa = PBXBuildFile; fileRef = 796878E87EDE8833C346632F /* CategoryBreakdownRow.swift */; };
		EC3FDFE8ACF261DDF9C7FB61 /* MonthSelectorView.swift in Sources */ = {isa = PBXBuildFile; fileRef = CBEFC51EAA5E572C6463A36B /* MonthSelectorView.swift */; };
		EE19143846EC9202CA6E7A3C /* DateRangeHelper.swift in Sources */ = {isa = PBXBuildFile; fileRef = 2B0EB19A3B045CCFE7FE5DD3 /* DateRangeHelper.swift */; };
		F0522750D762011637CD4C28 /* MonthlyPlanHeroCard.swift in Sources */ = {isa = PBXBuildFile; fileRef = C68CBFE364E205A3AF240CB1 /* MonthlyPlanHeroCard.swift */; };
		F1419E9FC95772ED1B55A9CE /* PlaidBalanceFormatter.swift in Sources */ = {isa = PBXBuildFile; fileRef = EFB4B3707D57A42071114A24 /* PlaidBalanceFormatter.swift */; };
		F18D899FDAA6878C836E1DF2 /* StatCard.swift in Sources */ = {isa = PBXBuildFile; fileRef = 5A0670957E67652CA523FDC6 /* StatCard.swift */; };
		F333BCB7E052B9EC01ED5BFD /* DailyTransactionGroup.swift in Sources */ = {isa = PBXBuildFile; fileRef = B57A852F7B86635F0E2A95EE /* DailyTransactionGroup.swift */; };
		F41E25F2E7B81DA434214F88 /* TransactionType.swift in Sources */ = {isa = PBXBuildFile; fileRef = 37FF1088CED2C6A294178988 /* TransactionType.swift */; };
		F61026332C46DBD2B382AF67 /* Theme.swift in Sources */ = {isa = PBXBuildFile; fileRef = A820EE42F22C4B9CB68FFDC0 /* Theme.swift */; };
		F6CC61B7F44F3D6C80E7182F /* TransactionSource.swift in Sources */ = {isa = PBXBuildFile; fileRef = F3D1E53954CA713F9EDF23E2 /* TransactionSource.swift */; };
		F91E26BCBE32ED717A486D78 /* AccountListView.swift in Sources */ = {isa = PBXBuildFile; fileRef = 56FA084B7BA9E3DD238B9054 /* AccountListView.swift */; };
		F9387EC85E116EFD152D7138 /* MonthlySummaryView.swift in Sources */ = {isa = PBXBuildFile; fileRef = 8169D75F2F55DF63767BFB9C /* MonthlySummaryView.swift */; };
		FF1F84AE36D0306DB0C239C0 /* MonthlyPlanSettings.swift in Sources */ = {isa = PBXBuildFile; fileRef = 5CADE2D33011E30FE75F3C53 /* MonthlyPlanSettings.swift */; };
		FF3D4D7D3F707BEE5794B2DE /* LinkKit in Frameworks */ = {isa = PBXBuildFile; productRef = 341A0FC9385016C01D20A9AE /* LinkKit */; };
/* End PBXBuildFile section */

/* Begin PBXContainerItemProxy section */
		4FECC2E92A350E654430D63A /* PBXContainerItemProxy */ = {
			isa = PBXContainerItemProxy;
			containerPortal = 4BF16B6249B7AB5751745FE2 /* Project object */;
			proxyType = 1;
			remoteGlobalIDString = 43E3379BD54E167FF556E30F;
			remoteInfo = FinanceTrack;
		};
/* End PBXContainerItemProxy section */

/* Begin PBXFileReference section */
		004BE195389EB9F6ED821DE1 /* FinanceTrackApp.swift */ = {isa = PBXFileReference; lastKnownFileType = sourcecode.swift; path = FinanceTrackApp.swift; sourceTree = "<group>"; };
		01B36DFEA86DD685AD7986C9 /* SampleData.swift */ = {isa = PBXFileReference; lastKnownFileType = sourcecode.swift; path = SampleData.swift; sourceTree = "<group>"; };
		0559F00D5AFF1D6483FAFCDE /* Info.plist */ = {isa = PBXFileReference; lastKnownFileType = text.plist; path = Info.plist; sourceTree = "<group>"; };
		0924C4CCF567BFF0B0DAEE1C /* TransactionMatcher.swift */ = {isa = PBXFileReference; lastKnownFileType = sourcecode.swift; path = TransactionMatcher.swift; sourceTree = "<group>"; };
		09AA3A8115AA59152CED0212 /* NewPasswordView.swift */ = {isa = PBXFileReference; lastKnownFileType = sourcecode.swift; path = NewPasswordView.swift; sourceTree = "<group>"; };
		1234CF0F80F912A1871FFC4E /* AccountSummaryCard.swift */ = {isa = PBXFileReference; lastKnownFileType = sourcecode.swift; path = AccountSummaryCard.swift; sourceTree = "<group>"; };
		12D44CF1E9E71B9990DF5CD8 /* AddExpenseView.swift */ = {isa = PBXFileReference; lastKnownFileType = sourcecode.swift; path = AddExpenseView.swift; sourceTree = "<group>"; };
		1525189F422766EA20818819 /* MonthlyPlanView.swift */ = {isa = PBXFileReference; lastKnownFileType = sourcecode.swift; path = MonthlyPlanView.swift; sourceTree = "<group>"; };
		16CDAB5F0D8E6FD93987B632 /* Assets.xcassets */ = {isa = PBXFileReference; lastKnownFileType = folder.assetcatalog; path = Assets.xcassets; sourceTree = "<group>"; };
		21184532157037938C565516 /* CreditUtilizationCalculator.swift */ = {isa = PBXFileReference; lastKnownFileType = sourcecode.swift; path = CreditUtilizationCalculator.swift; sourceTree = "<group>"; };
		238C94B77B4B392A7DBCEC01 /* PremiumActionButton.swift */ = {isa = PBXFileReference; lastKnownFileType = sourcecode.swift; path = PremiumActionButton.swift; sourceTree = "<group>"; };
		2B0EB19A3B045CCFE7FE5DD3 /* DateRangeHelper.swift */ = {isa = PBXFileReference; lastKnownFileType = sourcecode.swift; path = DateRangeHelper.swift; sourceTree = "<group>"; };
		2CA77315B48380278DD520FD /* PlaidTransactionImportService.swift */ = {isa = PBXFileReference; lastKnownFileType = sourcecode.swift; path = PlaidTransactionImportService.swift; sourceTree = "<group>"; };
		2F864B113C531FCB3CC460FB /* AccountBreakdownRow.swift */ = {isa = PBXFileReference; lastKnownFileType = sourcecode.swift; path = AccountBreakdownRow.swift; sourceTree = "<group>"; };
		36B98BDBCC203EECB13BFD49 /* PlaidTransactionDTO.swift */ = {isa = PBXFileReference; lastKnownFileType = sourcecode.swift; path = PlaidTransactionDTO.swift; sourceTree = "<group>"; };
		37FF1088CED2C6A294178988 /* TransactionType.swift */ = {isa = PBXFileReference; lastKnownFileType = sourcecode.swift; path = TransactionType.swift; sourceTree = "<group>"; };
		39B0777136A21A4D982B0B60 /* TransactionToggleRow.swift */ = {isa = PBXFileReference; lastKnownFileType = sourcecode.swift; path = TransactionToggleRow.swift; sourceTree = "<group>"; };
		3B752E5D9BA737B694C7CEBA /* AddAccountView.swift */ = {isa = PBXFileReference; lastKnownFileType = sourcecode.swift; path = AddAccountView.swift; sourceTree = "<group>"; };
		40D7232E8F17BF77E7EF0038 /* AutoBackupManager.swift */ = {isa = PBXFileReference; lastKnownFileType = sourcecode.swift; path = AutoBackupManager.swift; sourceTree = "<group>"; };
		415FFDCE8EC5B2AEAC56B9B4 /* SecurityNotesView.swift */ = {isa = PBXFileReference; lastKnownFileType = sourcecode.swift; path = SecurityNotesView.swift; sourceTree = "<group>"; };
		483BD555735094F903AF67BD /* MonthlyPlanCalculator.swift */ = {isa = PBXFileReference; lastKnownFileType = sourcecode.swift; path = MonthlyPlanCalculator.swift; sourceTree = "<group>"; };
		4A679BB76D8D2E20520E7CCC /* TransactionRow.swift */ = {isa = PBXFileReference; lastKnownFileType = sourcecode.swift; path = TransactionRow.swift; sourceTree = "<group>"; };
		4DB0FEB88F317B1405E32857 /* LabeledPickerRow.swift */ = {isa = PBXFileReference; lastKnownFileType = sourcecode.swift; path = LabeledPickerRow.swift; sourceTree = "<group>"; };
		4EE4D69D8277B63944DD6214 /* CreditUtilizationView.swift */ = {isa = PBXFileReference; lastKnownFileType = sourcecode.swift; path = CreditUtilizationView.swift; sourceTree = "<group>"; };
		4F65E0405B7FE444B19F1865 /* SpendingCardView.swift */ = {isa = PBXFileReference; lastKnownFileType = sourcecode.swift; path = SpendingCardView.swift; sourceTree = "<group>"; };
		4FFA74E8536B81D4C8D41351 /* SpendSmartBackupService.swift */ = {isa = PBXFileReference; lastKnownFileType = sourcecode.swift; path = SpendSmartBackupService.swift; sourceTree = "<group>"; };
		53508C2B83F47DE2ACCD11CC /* ManualAccountDetailView.swift */ = {isa = PBXFileReference; lastKnownFileType = sourcecode.swift; path = ManualAccountDetailView.swift; sourceTree = "<group>"; };
		56FA084B7BA9E3DD238B9054 /* AccountListView.swift */ = {isa = PBXFileReference; lastKnownFileType = sourcecode.swift; path = AccountListView.swift; sourceTree = "<group>"; };
		59D7D12638C1E8B5AE943162 /* AddEditRecurringExpenseView.swift */ = {isa = PBXFileReference; lastKnownFileType = sourcecode.swift; path = AddEditRecurringExpenseView.swift; sourceTree = "<group>"; };
		5A0670957E67652CA523FDC6 /* StatCard.swift */ = {isa = PBXFileReference; lastKnownFileType = sourcecode.swift; path = StatCard.swift; sourceTree = "<group>"; };
		5CADE2D33011E30FE75F3C53 /* MonthlyPlanSettings.swift */ = {isa = PBXFileReference; lastKnownFileType = sourcecode.swift; path = MonthlyPlanSettings.swift; sourceTree = "<group>"; };
		5DCC766BC7CD4B6AC59E5639 /* SettingsView.swift */ = {isa = PBXFileReference; lastKnownFileType = sourcecode.swift; path = SettingsView.swift; sourceTree = "<group>"; };
		5EFC3613B341B1FC64ABE32E /* SpendSmartQueryEngine.swift */ = {isa = PBXFileReference; lastKnownFileType = sourcecode.swift; path = SpendSmartQueryEngine.swift; sourceTree = "<group>"; };
		6A412EDA95CCA43894BD9B73 /* DashboardSectionHeader.swift */ = {isa = PBXFileReference; lastKnownFileType = sourcecode.swift; path = DashboardSectionHeader.swift; sourceTree = "<group>"; };
		6CAE4C73817D11F8DC62B8A0 /* AccountCard.swift */ = {isa = PBXFileReference; lastKnownFileType = sourcecode.swift; path = AccountCard.swift; sourceTree = "<group>"; };
		6CB91B55414CBB355354A3D6 /* PrivacyModeManager.swift */ = {isa = PBXFileReference; lastKnownFileType = sourcecode.swift; path = PrivacyModeManager.swift; sourceTree = "<group>"; };
		6E25708FCDC33197FB53D3B5 /* WeeklyLimitEditView.swift */ = {isa = PBXFileReference; lastKnownFileType = sourcecode.swift; path = WeeklyLimitEditView.swift; sourceTree = "<group>"; };
		6E5C216C38C5F5A145DC2D5C /* AuthLandingView.swift */ = {isa = PBXFileReference; lastKnownFileType = sourcecode.swift; path = AuthLandingView.swift; sourceTree = "<group>"; };
		70A5C75D5965C038A5AF7DA3 /* BiometricAuthManager.swift */ = {isa = PBXFileReference; lastKnownFileType = sourcecode.swift; path = BiometricAuthManager.swift; sourceTree = "<group>"; };
		72D80466B7F5900919707141 /* CreateAccountView.swift */ = {isa = PBXFileReference; lastKnownFileType = sourcecode.swift; path = CreateAccountView.swift; sourceTree = "<group>"; };
		75EB5F990F971B8430506461 /* BudgetCalculator.swift */ = {isa = PBXFileReference; lastKnownFileType = sourcecode.swift; path = BudgetCalculator.swift; sourceTree = "<group>"; };
		796878E87EDE8833C346632F /* CategoryBreakdownRow.swift */ = {isa = PBXFileReference; lastKnownFileType = sourcecode.swift; path = CategoryBreakdownRow.swift; sourceTree = "<group>"; };
		7C2A2FFF91CE0EC7FBB3E2AC /* MonthlyGoalEditView.swift */ = {isa = PBXFileReference; lastKnownFileType = sourcecode.swift; path = MonthlyGoalEditView.swift; sourceTree = "<group>"; };
		7DFE3079FF8189C02742006A /* FinanceTrackTests.xctest */ = {isa = PBXFileReference; includeInIndex = 0; lastKnownFileType = wrapper.cfbundle; path = FinanceTrackTests.xctest; sourceTree = BUILT_PRODUCTS_DIR; };
		8169D75F2F55DF63767BFB9C /* MonthlySummaryView.swift */ = {isa = PBXFileReference; lastKnownFileType = sourcecode.swift; path = MonthlySummaryView.swift; sourceTree = "<group>"; };
		81E154304ABB8936655E705B /* ManualTransactionDeletionService.swift */ = {isa = PBXFileReference; lastKnownFileType = sourcecode.swift; path = ManualTransactionDeletionService.swift; sourceTree = "<group>"; };
		82345ED83ECF626C7CF779D9 /* AccountView.swift */ = {isa = PBXFileReference; lastKnownFileType = sourcecode.swift; path = AccountView.swift; sourceTree = "<group>"; };
		8651F1B20D748C9D9A0A94F3 /* PlanTiming.swift */ = {isa = PBXFileReference; lastKnownFileType = sourcecode.swift; path = PlanTiming.swift; sourceTree = "<group>"; };
		8B6F9F1791F77CBC51984744 /* WeeklyBudgetHeroCard.swift */ = {isa = PBXFileReference; lastKnownFileType = sourcecode.swift; path = WeeklyBudgetHeroCard.swift; sourceTree = "<group>"; };
		8BA64FCAEABF27E8F644AC76 /* SupabaseConfig.swift */ = {isa = PBXFileReference; lastKnownFileType = sourcecode.swift; path = SupabaseConfig.swift; sourceTree = "<group>"; };
		8DB270BDA0015A143E923232 /* AddEditCategoryView.swift */ = {isa = PBXFileReference; lastKnownFileType = sourcecode.swift; path = AddEditCategoryView.swift; sourceTree = "<group>"; };
		8ED0ACB38788D1CAF1B4B87B /* CreditCardDetailView.swift */ = {isa = PBXFileReference; lastKnownFileType = sourcecode.swift; path = CreditCardDetailView.swift; sourceTree = "<group>"; };
		8FC9529510C471466A8CC613 /* PlanFrequency.swift */ = {isa = PBXFileReference; lastKnownFileType = sourcecode.swift; path = PlanFrequency.swift; sourceTree = "<group>"; };
		90FFCD716111683DAA48DF1F /* MonthlyOutlookCard.swift */ = {isa = PBXFileReference; lastKnownFileType = sourcecode.swift; path = MonthlyOutlookCard.swift; sourceTree = "<group>"; };
		93253A1BA4F61C3B14B8A0A8 /* WeeklyProgressView.swift */ = {isa = PBXFileReference; lastKnownFileType = sourcecode.swift; path = WeeklyProgressView.swift; sourceTree = "<group>"; };
		93FE27F914F6BB5E8C269CAA /* CardBackground.swift */ = {isa = PBXFileReference; lastKnownFileType = sourcecode.swift; path = CardBackground.swift; sourceTree = "<group>"; };
		948DF4EAF2CA91BB0ADBD722 /* ImportedTransactionsReviewView.swift */ = {isa = PBXFileReference; lastKnownFileType = sourcecode.swift; path = ImportedTransactionsReviewView.swift; sourceTree = "<group>"; };
		94A8C9BED4B02DC908468BE6 /* PlaidConnectionManager.swift */ = {isa = PBXFileReference; lastKnownFileType = sourcecode.swift; path = PlaidConnectionManager.swift; sourceTree = "<group>"; };
		9722ECE6ADD98BFC116C6419 /* MonthlySummaryHeroCard.swift */ = {isa = PBXFileReference; lastKnownFileType = sourcecode.swift; path = MonthlySummaryHeroCard.swift; sourceTree = "<group>"; };
		994B35109733549E1B8EA33A /* StatusBadge.swift */ = {isa = PBXFileReference; lastKnownFileType = sourcecode.swift; path = StatusBadge.swift; sourceTree = "<group>"; };
		9AA1DCF5C7DB128D71258D2D /* AccountBalanceManager.swift */ = {isa = PBXFileReference; lastKnownFileType = sourcecode.swift; path = AccountBalanceManager.swift; sourceTree = "<group>"; };
		9B9DC12EA26540C7865EC498 /* TransactionListFilter.swift */ = {isa = PBXFileReference; lastKnownFileType = sourcecode.swift; path = TransactionListFilter.swift; sourceTree = "<group>"; };
		9EEAB456DF5D293B646FDADB /* WeeklyMonthlyTotalCard.swift */ = {isa = PBXFileReference; lastKnownFileType = sourcecode.swift; path = WeeklyMonthlyTotalCard.swift; sourceTree = "<group>"; };
		A0A74AE6CD7147605BC7BC6E /* Account.swift */ = {isa = PBXFileReference; lastKnownFileType = sourcecode.swift; path = Account.swift; sourceTree = "<group>"; };
		A24401D381085E1EB8FF0371 /* FinanceTrackTests.swift */ = {isa = PBXFileReference; lastKnownFileType = sourcecode.swift; path = FinanceTrackTests.swift; sourceTree = "<group>"; };
		A5CC72ACF0BEF2AE6E7BD148 /* ColorHex.swift */ = {isa = PBXFileReference; lastKnownFileType = sourcecode.swift; path = ColorHex.swift; sourceTree = "<group>"; };
		A6CA09325D5280FE8EC42D86 /* BudgetSettings.swift */ = {isa = PBXFileReference; lastKnownFileType = sourcecode.swift; path = BudgetSettings.swift; sourceTree = "<group>"; };
		A820EE42F22C4B9CB68FFDC0 /* Theme.swift */ = {isa = PBXFileReference; lastKnownFileType = sourcecode.swift; path = Theme.swift; sourceTree = "<group>"; };
		A82DF2CF6235C8389E0E7BD1 /* SignInView.swift */ = {isa = PBXFileReference; lastKnownFileType = sourcecode.swift; path = SignInView.swift; sourceTree = "<group>"; };
		ABA1A361A634A292F96BD4C9 /* TransactionSyncProvider.swift */ = {isa = PBXFileReference; lastKnownFileType = sourcecode.swift; path = TransactionSyncProvider.swift; sourceTree = "<group>"; };
		AEE629BA70BA34F21E08F109 /* MonthlyPlanSettingsEditView.swift */ = {isa = PBXFileReference; lastKnownFileType = sourcecode.swift; path = MonthlyPlanSettingsEditView.swift; sourceTree = "<group>"; };
		AFF8162112098363BC1777AD /* AccountPickerCard.swift */ = {isa = PBXFileReference; lastKnownFileType = sourcecode.swift; path = AccountPickerCard.swift; sourceTree = "<group>"; };
		B1CC778D0D787A09E1B1D546 /* SpendSmartLogo.jpg */ = {isa = PBXFileReference; lastKnownFileType = image.jpeg; path = SpendSmartLogo.jpg; sourceTree = "<group>"; };
		B57A852F7B86635F0E2A95EE /* DailyTransactionGroup.swift */ = {isa = PBXFileReference; lastKnownFileType = sourcecode.swift; path = DailyTransactionGroup.swift; sourceTree = "<group>"; };
		B5B5E152C29349A473EA4ADF /* PrivacyAmountView.swift */ = {isa = PBXFileReference; lastKnownFileType = sourcecode.swift; path = PrivacyAmountView.swift; sourceTree = "<group>"; };
		B9021CD0AA6EE18E7B1681EE /* PlaidBackendService.swift */ = {isa = PBXFileReference; lastKnownFileType = sourcecode.swift; path = PlaidBackendService.swift; sourceTree = "<group>"; };
		B98D73949A93A1898F2D8C0E /* logo_source.png */ = {isa = PBXFileReference; lastKnownFileType = image.png; path = logo_source.png; sourceTree = "<group>"; };
		BAE8D6BDD749D5D87F625EC3 /* FinanceTrack.app */ = {isa = PBXFileReference; includeInIndex = 0; lastKnownFileType = wrapper.application; path = FinanceTrack.app; sourceTree = BUILT_PRODUCTS_DIR; };
		BC30F605C185A5A4825EAA5D /* ExpenseListView.swift */ = {isa = PBXFileReference; lastKnownFileType = sourcecode.swift; path = ExpenseListView.swift; sourceTree = "<group>"; };
		BE8E22705C2A6D5DD2120738 /* AuthTextField.swift */ = {isa = PBXFileReference; lastKnownFileType = sourcecode.swift; path = AuthTextField.swift; sourceTree = "<group>"; };
		C03BB75866DB8851C08F0FD4 /* AmountText.swift */ = {isa = PBXFileReference; lastKnownFileType = sourcecode.swift; path = AmountText.swift; sourceTree = "<group>"; };
		C529927E29105333BC1C9141 /* AppLockView.swift */ = {isa = PBXFileReference; lastKnownFileType = sourcecode.swift; path = AppLockView.swift; sourceTree = "<group>"; };
		C68CBFE364E205A3AF240CB1 /* MonthlyPlanHeroCard.swift */ = {isa = PBXFileReference; lastKnownFileType = sourcecode.swift; path = MonthlyPlanHeroCard.swift; sourceTree = "<group>"; };
		C6B6979DB6C9A05A6D425FFC /* ConnectedAccountsView.swift */ = {isa = PBXFileReference; lastKnownFileType = sourcecode.swift; path = ConnectedAccountsView.swift; sourceTree = "<group>"; };
		C89D36371B802ECDAD1CA3F0 /* CreditCardPaymentView.swift */ = {isa = PBXFileReference; lastKnownFileType = sourcecode.swift; path = CreditCardPaymentView.swift; sourceTree = "<group>"; };
		C8A0868033FCD294FA0FC093 /* EmptyStateCard.swift */ = {isa = PBXFileReference; lastKnownFileType = sourcecode.swift; path = EmptyStateCard.swift; sourceTree = "<group>"; };
		C8B61A30FB32BE57567FBB0D /* FinanceTransaction.swift */ = {isa = PBXFileReference; lastKnownFileType = sourcecode.swift; path = FinanceTransaction.swift; sourceTree = "<group>"; };
		CA0D3F5B511C2951F9CCC31E /* CategoryPickerCard.swift */ = {isa = PBXFileReference; lastKnownFileType = sourcecode.swift; path = CategoryPickerCard.swift; sourceTree = "<group>"; };
		CB62CEE8CBD2DD135AA97436 /* FilterChip.swift */ = {isa = PBXFileReference; lastKnownFileType = sourcecode.swift; path = FilterChip.swift; sourceTree = "<group>"; };
		CBCB34D03025CA125CA7F022 /* ForgotPasswordView.swift */ = {isa = PBXFileReference; lastKnownFileType = sourcecode.swift; path = ForgotPasswordView.swift; sourceTree = "<group>"; };
		CBEFC51EAA5E572C6463A36B /* MonthSelectorView.swift */ = {isa = PBXFileReference; lastKnownFileType = sourcecode.swift; path = MonthSelectorView.swift; sourceTree = "<group>"; };
		CD7920DA6C0424A7CF5E9CA0 /* DashboardView.swift */ = {isa = PBXFileReference; lastKnownFileType = sourcecode.swift; path = DashboardView.swift; sourceTree = "<group>"; };
		CFA1CBAF913FE06F1E2B4602 /* BalanceAdjustmentView.swift */ = {isa = PBXFileReference; lastKnownFileType = sourcecode.swift; path = BalanceAdjustmentView.swift; sourceTree = "<group>"; };
		D2B8D2533B64C10EE946EA28 /* CategoryManagementView.swift */ = {isa = PBXFileReference; lastKnownFileType = sourcecode.swift; path = CategoryManagementView.swift; sourceTree = "<group>"; };
		D7A87AC4B589583F67447CC3 /* AutosaveCommitter.swift */ = {isa = PBXFileReference; lastKnownFileType = sourcecode.swift; path = AutosaveCommitter.swift; sourceTree = "<group>"; };
		DF6CE08EB16D1FD048CFF23A /* AuthenticationService.swift */ = {isa = PBXFileReference; lastKnownFileType = sourcecode.swift; path = AuthenticationService.swift; sourceTree = "<group>"; };
		DF788D665C454A60C056E044 /* RecurringExpense.swift */ = {isa = PBXFileReference; lastKnownFileType = sourcecode.swift; path = RecurringExpense.swift; sourceTree = "<group>"; };
		E29FD42400EA6E7F1993F6FA /* AuthValidation.swift */ = {isa = PBXFileReference; lastKnownFileType = sourcecode.swift; path = AuthValidation.swift; sourceTree = "<group>"; };
		E64DBF19C0ED8670683BF91E /* DataBackupView.swift */ = {isa = PBXFileReference; lastKnownFileType = sourcecode.swift; path = DataBackupView.swift; sourceTree = "<group>"; };
		E78AF7586593D6CA98050D28 /* AddEditIncomeSourceView.swift */ = {isa = PBXFileReference; lastKnownFileType = sourcecode.swift; path = AddEditIncomeSourceView.swift; sourceTree = "<group>"; };
		EF775B61716BF73B7C74E5C0 /* WeeklyPlanComparisonRow.swift */ = {isa = PBXFileReference; lastKnownFileType = sourcecode.swift; path = WeeklyPlanComparisonRow.swift; sourceTree = "<group>"; };
		EFB4B3707D57A42071114A24 /* PlaidBalanceFormatter.swift */ = {isa = PBXFileReference; lastKnownFileType = sourcecode.swift; path = PlaidBalanceFormatter.swift; sourceTree = "<group>"; };
		EFB7B805A170482A846FC470 /* IncomeSource.swift */ = {isa = PBXFileReference; lastKnownFileType = sourcecode.swift; path = IncomeSource.swift; sourceTree = "<group>"; };
		F2BF6D1D98C75B6E85421D54 /* Category.swift */ = {isa = PBXFileReference; lastKnownFileType = sourcecode.swift; path = Category.swift; sourceTree = "<group>"; };
		F3D1E53954CA713F9EDF23E2 /* TransactionSource.swift */ = {isa = PBXFileReference; lastKnownFileType = sourcecode.swift; path = TransactionSource.swift; sourceTree = "<group>"; };
		F4559290AA2DCAF96553785C /* AutosaveStatusView.swift */ = {isa = PBXFileReference; lastKnownFileType = sourcecode.swift; path = AutosaveStatusView.swift; sourceTree = "<group>"; };
		F4B36F8C20FC1A9F11A448C6 /* VerifyEmailView.swift */ = {isa = PBXFileReference; lastKnownFileType = sourcecode.swift; path = VerifyEmailView.swift; sourceTree = "<group>"; };
		FAACDB6802D5402D7F784800 /* WeeklyBudgetView.swift */ = {isa = PBXFileReference; lastKnownFileType = sourcecode.swift; path = WeeklyBudgetView.swift; sourceTree = "<group>"; };
		FCC5B7FE687C8DB14B8A4150 /* AuthFlowView.swift */ = {isa = PBXFileReference; lastKnownFileType = sourcecode.swift; path = AuthFlowView.swift; sourceTree = "<group>"; };
		FDDA6C5BB7FD16414E1ECEF1 /* ManualAccountDeletionService.swift */ = {isa = PBXFileReference; lastKnownFileType = sourcecode.swift; path = ManualAccountDeletionService.swift; sourceTree = "<group>"; };
		FF2BA38ECA694C9B6900DD14 /* InsightsView.swift */ = {isa = PBXFileReference; lastKnownFileType = sourcecode.swift; path = InsightsView.swift; sourceTree = "<group>"; };
		FF7D9F34345C73B0D4F9545C /* CurrencyAmountField.swift */ = {isa = PBXFileReference; lastKnownFileType = sourcecode.swift; path = CurrencyAmountField.swift; sourceTree = "<group>"; };
/* End PBXFileReference section */

/* Begin PBXFrameworksBuildPhase section */
		6FE963002C6495094B006A5D /* Frameworks */ = {
			isa = PBXFrameworksBuildPhase;
			buildActionMask = 2147483647;
			files = (
				FF3D4D7D3F707BEE5794B2DE /* LinkKit in Frameworks */,
				7991AC89E5995B494A542C89 /* Supabase in Frameworks */,
			);
			runOnlyForDeploymentPostprocessing = 0;
		};
/* End PBXFrameworksBuildPhase section */

/* Begin PBXGroup section */
		0DAB9068FDBE67FDF73C4C9E /* Sample */ = {
			isa = PBXGroup;
			children = (
				01B36DFEA86DD685AD7986C9 /* SampleData.swift */,
			);
			path = Sample;
			sourceTree = "<group>";
		};
		1C13BFE9E0DD193E1DF8A4FF /* Components */ = {
			isa = PBXGroup;
			children = (
				2F864B113C531FCB3CC460FB /* AccountBreakdownRow.swift */,
				6CAE4C73817D11F8DC62B8A0 /* AccountCard.swift */,
				AFF8162112098363BC1777AD /* AccountPickerCard.swift */,
				1234CF0F80F912A1871FFC4E /* AccountSummaryCard.swift */,
				C03BB75866DB8851C08F0FD4 /* AmountText.swift */,
				F4559290AA2DCAF96553785C /* AutosaveStatusView.swift */,
				93FE27F914F6BB5E8C269CAA /* CardBackground.swift */,
				796878E87EDE8833C346632F /* CategoryBreakdownRow.swift */,
				CA0D3F5B511C2951F9CCC31E /* CategoryPickerCard.swift */,
				A5CC72ACF0BEF2AE6E7BD148 /* ColorHex.swift */,
				4EE4D69D8277B63944DD6214 /* CreditUtilizationView.swift */,
				FF7D9F34345C73B0D4F9545C /* CurrencyAmountField.swift */,
				B57A852F7B86635F0E2A95EE /* DailyTransactionGroup.swift */,
				6A412EDA95CCA43894BD9B73 /* DashboardSectionHeader.swift */,
				C8A0868033FCD294FA0FC093 /* EmptyStateCard.swift */,
				CB62CEE8CBD2DD135AA97436 /* FilterChip.swift */,
				4DB0FEB88F317B1405E32857 /* LabeledPickerRow.swift */,
				238C94B77B4B392A7DBCEC01 /* PremiumActionButton.swift */,
				B5B5E152C29349A473EA4ADF /* PrivacyAmountView.swift */,
				5A0670957E67652CA523FDC6 /* StatCard.swift */,
				994B35109733549E1B8EA33A /* StatusBadge.swift */,
				9B9DC12EA26540C7865EC498 /* TransactionListFilter.swift */,
				4A679BB76D8D2E20520E7CCC /* TransactionRow.swift */,
				39B0777136A21A4D982B0B60 /* TransactionToggleRow.swift */,
			);
			path = Components;
			sourceTree = "<group>";
		};
		221338D066536ADABC8AAE15 /* Views */ = {
			isa = PBXGroup;
			children = (
				D064DE16636B706F27BC867D /* Accounts */,
				1C13BFE9E0DD193E1DF8A4FF /* Components */,
				CBD12D60F6FC7CED31682991 /* Dashboard */,
				2EDDC4DDAD4CDC79ECB831AD /* Expenses */,
				DEFC71790CA2383A60ED2BEB /* Monthly */,
				40FC47BFD5BAF093284240E4 /* MonthlyPlan */,
				92ADD67F5BD7C8446B9F4563 /* Settings */,
				242C91F2068D6B67C3FE1E68 /* Weekly */,
			);
			path = Views;
			sourceTree = "<group>";
		};
		242C91F2068D6B67C3FE1E68 /* Weekly */ = {
			isa = PBXGroup;
			children = (
				8B6F9F1791F77CBC51984744 /* WeeklyBudgetHeroCard.swift */,
				FAACDB6802D5402D7F784800 /* WeeklyBudgetView.swift */,
				6E25708FCDC33197FB53D3B5 /* WeeklyLimitEditView.swift */,
			);
			path = Weekly;
			sourceTree = "<group>";
		};
		2EDDC4DDAD4CDC79ECB831AD /* Expenses */ = {
			isa = PBXGroup;
			children = (
				12D44CF1E9E71B9990DF5CD8 /* AddExpenseView.swift */,
				BC30F605C185A5A4825EAA5D /* ExpenseListView.swift */,
			);
			path = Expenses;
			sourceTree = "<group>";
		};
		40FC47BFD5BAF093284240E4 /* MonthlyPlan */ = {
			isa = PBXGroup;
			children = (
				E78AF7586593D6CA98050D28 /* AddEditIncomeSourceView.swift */,
				59D7D12638C1E8B5AE943162 /* AddEditRecurringExpenseView.swift */,
				C68CBFE364E205A3AF240CB1 /* MonthlyPlanHeroCard.swift */,
				AEE629BA70BA34F21E08F109 /* MonthlyPlanSettingsEditView.swift */,
				1525189F422766EA20818819 /* MonthlyPlanView.swift */,
				EF775B61716BF73B7C74E5C0 /* WeeklyPlanComparisonRow.swift */,
			);
			path = MonthlyPlan;
			sourceTree = "<group>";
		};
		4150F8D31EAF078BB4868BCF /* Products */ = {
			isa = PBXGroup;
			children = (
				BAE8D6BDD749D5D87F625EC3 /* FinanceTrack.app */,
				7DFE3079FF8189C02742006A /* FinanceTrackTests.xctest */,
			);
			name = Products;
			sourceTree = "<group>";
		};
		485C9BA3F06E049E56DF7CF7 /* App */ = {
			isa = PBXGroup;
			children = (
				C529927E29105333BC1C9141 /* AppLockView.swift */,
				004BE195389EB9F6ED821DE1 /* FinanceTrackApp.swift */,
			);
			path = App;
			sourceTree = "<group>";
		};
		6A616615A68F33E8C85FBC2D /* FinanceTrack */ = {
			isa = PBXGroup;
			children = (
				0559F00D5AFF1D6483FAFCDE /* Info.plist */,
				485C9BA3F06E049E56DF7CF7 /* App */,
				9A143C14B27227CA207EF752 /* Auth */,
				AC801A3E7086C76A6414D3A7 /* Models */,
				E8D4B7B8561EF7E0C317DC5A /* Resources */,
				0DAB9068FDBE67FDF73C4C9E /* Sample */,
				75AAC8C3C742A869A194F6C6 /* Services */,
				98DBCFB488203E34B7CF3E7A /* Sync */,
				95AB04B6CC14566E9D69955F /* Theme */,
				221338D066536ADABC8AAE15 /* Views */,
			);
			path = FinanceTrack;
			sourceTree = "<group>";
		};
		75AAC8C3C742A869A194F6C6 /* Services */ = {
			isa = PBXGroup;
			children = (
				9AA1DCF5C7DB128D71258D2D /* AccountBalanceManager.swift */,
				40D7232E8F17BF77E7EF0038 /* AutoBackupManager.swift */,
				D7A87AC4B589583F67447CC3 /* AutosaveCommitter.swift */,
				70A5C75D5965C038A5AF7DA3 /* BiometricAuthManager.swift */,
				75EB5F990F971B8430506461 /* BudgetCalculator.swift */,
				21184532157037938C565516 /* CreditUtilizationCalculator.swift */,
				2B0EB19A3B045CCFE7FE5DD3 /* DateRangeHelper.swift */,
				FDDA6C5BB7FD16414E1ECEF1 /* ManualAccountDeletionService.swift */,
				81E154304ABB8936655E705B /* ManualTransactionDeletionService.swift */,
				483BD555735094F903AF67BD /* MonthlyPlanCalculator.swift */,
				94A8C9BED4B02DC908468BE6 /* PlaidConnectionManager.swift */,
				6CB91B55414CBB355354A3D6 /* PrivacyModeManager.swift */,
				4FFA74E8536B81D4C8D41351 /* SpendSmartBackupService.swift */,
				5EFC3613B341B1FC64ABE32E /* SpendSmartQueryEngine.swift */,
				0924C4CCF567BFF0B0DAEE1C /* TransactionMatcher.swift */,
			);
			path = Services;
			sourceTree = "<group>";
		};
		92ADD67F5BD7C8446B9F4563 /* Settings */ = {
			isa = PBXGroup;
			children = (
				82345ED83ECF626C7CF779D9 /* AccountView.swift */,
				8DB270BDA0015A143E923232 /* AddEditCategoryView.swift */,
				D2B8D2533B64C10EE946EA28 /* CategoryManagementView.swift */,
				C6B6979DB6C9A05A6D425FFC /* ConnectedAccountsView.swift */,
				E64DBF19C0ED8670683BF91E /* DataBackupView.swift */,
				948DF4EAF2CA91BB0ADBD722 /* ImportedTransactionsReviewView.swift */,
				FF2BA38ECA694C9B6900DD14 /* InsightsView.swift */,
				415FFDCE8EC5B2AEAC56B9B4 /* SecurityNotesView.swift */,
				5DCC766BC7CD4B6AC59E5639 /* SettingsView.swift */,
			);
			path = Settings;
			sourceTree = "<group>";
		};
		95AB04B6CC14566E9D69955F /* Theme */ = {
			isa = PBXGroup;
			children = (
				A820EE42F22C4B9CB68FFDC0 /* Theme.swift */,
			);
			path = Theme;
			sourceTree = "<group>";
		};
		98DBCFB488203E34B7CF3E7A /* Sync */ = {
			isa = PBXGroup;
			children = (
				B9021CD0AA6EE18E7B1681EE /* PlaidBackendService.swift */,
				EFB4B3707D57A42071114A24 /* PlaidBalanceFormatter.swift */,
				36B98BDBCC203EECB13BFD49 /* PlaidTransactionDTO.swift */,
				2CA77315B48380278DD520FD /* PlaidTransactionImportService.swift */,
				ABA1A361A634A292F96BD4C9 /* TransactionSyncProvider.swift */,
			);
			path = Sync;
			sourceTree = "<group>";
		};
		9A143C14B27227CA207EF752 /* Auth */ = {
			isa = PBXGroup;
			children = (
				DF6CE08EB16D1FD048CFF23A /* AuthenticationService.swift */,
				FCC5B7FE687C8DB14B8A4150 /* AuthFlowView.swift */,
				6E5C216C38C5F5A145DC2D5C /* AuthLandingView.swift */,
				BE8E22705C2A6D5DD2120738 /* AuthTextField.swift */,
				E29FD42400EA6E7F1993F6FA /* AuthValidation.swift */,
				72D80466B7F5900919707141 /* CreateAccountView.swift */,
				CBCB34D03025CA125CA7F022 /* ForgotPasswordView.swift */,
				09AA3A8115AA59152CED0212 /* NewPasswordView.swift */,
				A82DF2CF6235C8389E0E7BD1 /* SignInView.swift */,
				8BA64FCAEABF27E8F644AC76 /* SupabaseConfig.swift */,
				F4B36F8C20FC1A9F11A448C6 /* VerifyEmailView.swift */,
			);
			path = Auth;
			sourceTree = "<group>";
		};
		AC801A3E7086C76A6414D3A7 /* Models */ = {
			isa = PBXGroup;
			children = (
				A0A74AE6CD7147605BC7BC6E /* Account.swift */,
				A6CA09325D5280FE8EC42D86 /* BudgetSettings.swift */,
				F2BF6D1D98C75B6E85421D54 /* Category.swift */,
				C8B61A30FB32BE57567FBB0D /* FinanceTransaction.swift */,
				EFB7B805A170482A846FC470 /* IncomeSource.swift */,
				5CADE2D33011E30FE75F3C53 /* MonthlyPlanSettings.swift */,
				8FC9529510C471466A8CC613 /* PlanFrequency.swift */,
				8651F1B20D748C9D9A0A94F3 /* PlanTiming.swift */,
				DF788D665C454A60C056E044 /* RecurringExpense.swift */,
				F3D1E53954CA713F9EDF23E2 /* TransactionSource.swift */,
				37FF1088CED2C6A294178988 /* TransactionType.swift */,
			);
			path = Models;
			sourceTree = "<group>";
		};
		B9148F638DE42D9BBBF94D0F = {
			isa = PBXGroup;
			children = (
				6A616615A68F33E8C85FBC2D /* FinanceTrack */,
				DD00A0E9E7F40878CED1DAEB /* FinanceTrackTests */,
				4150F8D31EAF078BB4868BCF /* Products */,
			);
			sourceTree = "<group>";
		};
		CBD12D60F6FC7CED31682991 /* Dashboard */ = {
			isa = PBXGroup;
			children = (
				CD7920DA6C0424A7CF5E9CA0 /* DashboardView.swift */,
				90FFCD716111683DAA48DF1F /* MonthlyOutlookCard.swift */,
				4F65E0405B7FE444B19F1865 /* SpendingCardView.swift */,
				93253A1BA4F61C3B14B8A0A8 /* WeeklyProgressView.swift */,
			);
			path = Dashboard;
			sourceTree = "<group>";
		};
		D064DE16636B706F27BC867D /* Accounts */ = {
			isa = PBXGroup;
			children = (
				56FA084B7BA9E3DD238B9054 /* AccountListView.swift */,
				3B752E5D9BA737B694C7CEBA /* AddAccountView.swift */,
				CFA1CBAF913FE06F1E2B4602 /* BalanceAdjustmentView.swift */,
				8ED0ACB38788D1CAF1B4B87B /* CreditCardDetailView.swift */,
				C89D36371B802ECDAD1CA3F0 /* CreditCardPaymentView.swift */,
				53508C2B83F47DE2ACCD11CC /* ManualAccountDetailView.swift */,
			);
			path = Accounts;
			sourceTree = "<group>";
		};
		DD00A0E9E7F40878CED1DAEB /* FinanceTrackTests */ = {
			isa = PBXGroup;
			children = (
				A24401D381085E1EB8FF0371 /* FinanceTrackTests.swift */,
			);
			path = FinanceTrackTests;
			sourceTree = "<group>";
		};
		DEFC71790CA2383A60ED2BEB /* Monthly */ = {
			isa = PBXGroup;
			children = (
				7C2A2FFF91CE0EC7FBB3E2AC /* MonthlyGoalEditView.swift */,
				9722ECE6ADD98BFC116C6419 /* MonthlySummaryHeroCard.swift */,
				8169D75F2F55DF63767BFB9C /* MonthlySummaryView.swift */,
				CBEFC51EAA5E572C6463A36B /* MonthSelectorView.swift */,
				9EEAB456DF5D293B646FDADB /* WeeklyMonthlyTotalCard.swift */,
			);
			path = Monthly;
			sourceTree = "<group>";
		};
		E8D4B7B8561EF7E0C317DC5A /* Resources */ = {
			isa = PBXGroup;
			children = (
				16CDAB5F0D8E6FD93987B632 /* Assets.xcassets */,
				B98D73949A93A1898F2D8C0E /* logo_source.png */,
				B1CC778D0D787A09E1B1D546 /* SpendSmartLogo.jpg */,
			);
			path = Resources;
			sourceTree = "<group>";
		};
/* End PBXGroup section */

/* Begin PBXNativeTarget section */
		3668F5979D3257CD3644FF44 /* FinanceTrackTests */ = {
			isa = PBXNativeTarget;
			buildConfigurationList = E3794AADC3A651DC7CB1E1E4 /* Build configuration list for PBXNativeTarget "FinanceTrackTests" */;
			buildPhases = (
				DE2D09EBF8F8AD19F52094B3 /* Sources */,
			);
			buildRules = (
			);
			dependencies = (
				8C2E54D3AE0732098DA2053A /* PBXTargetDependency */,
			);
			name = FinanceTrackTests;
			packageProductDependencies = (
			);
			productName = FinanceTrackTests;
			productReference = 7DFE3079FF8189C02742006A /* FinanceTrackTests.xctest */;
			productType = "com.apple.product-type.bundle.unit-test";
		};
		43E3379BD54E167FF556E30F /* FinanceTrack */ = {
			isa = PBXNativeTarget;
			buildConfigurationList = 7AD7252823EAB912763A2C4A /* Build configuration list for PBXNativeTarget "FinanceTrack" */;
			buildPhases = (
				40B0F32519C1E15FD3E22312 /* Sources */,
				5339960DA54CA39F925231B4 /* Resources */,
				6FE963002C6495094B006A5D /* Frameworks */,
			);
			buildRules = (
			);
			dependencies = (
			);
			name = FinanceTrack;
			packageProductDependencies = (
				341A0FC9385016C01D20A9AE /* LinkKit */,
				CC5B0E92835132963ABF1D6F /* Supabase */,
			);
			productName = FinanceTrack;
			productReference = BAE8D6BDD749D5D87F625EC3 /* FinanceTrack.app */;
			productType = "com.apple.product-type.application";
		};
/* End PBXNativeTarget section */

/* Begin PBXProject section */
		4BF16B6249B7AB5751745FE2 /* Project object */ = {
			isa = PBXProject;
			attributes = {
				BuildIndependentTargetsInParallel = YES;
				LastUpgradeCheck = 1430;
				TargetAttributes = {
					3668F5979D3257CD3644FF44 = {
						ProvisioningStyle = Automatic;
					};
					43E3379BD54E167FF556E30F = {
						DevelopmentTeam = 2UZJX3TEG4;
						ProvisioningStyle = Automatic;
					};
				};
			};
			buildConfigurationList = FBC004004E24E8B6EFFCB1CF /* Build configuration list for PBXProject "FinanceTrack" */;
			developmentRegion = en;
			hasScannedForEncodings = 0;
			knownRegions = (
				Base,
				en,
			);
			mainGroup = B9148F638DE42D9BBBF94D0F;
			minimizedProjectReferenceProxies = 1;
			packageReferences = (
				A9F7731713A415D4D87DDFDB /* XCRemoteSwiftPackageReference "plaid-link-ios-spm" */,
				158F6AF86EEE65F696FA06DA /* XCRemoteSwiftPackageReference "supabase-swift" */,
			);
			preferredProjectObjectVersion = 77;
			productRefGroup = 4150F8D31EAF078BB4868BCF /* Products */;
			projectDirPath = "";
			projectRoot = "";
			targets = (
				43E3379BD54E167FF556E30F /* FinanceTrack */,
				3668F5979D3257CD3644FF44 /* FinanceTrackTests */,
			);
		};
/* End PBXProject section */

/* Begin PBXResourcesBuildPhase section */
		5339960DA54CA39F925231B4 /* Resources */ = {
			isa = PBXResourcesBuildPhase;
			buildActionMask = 2147483647;
			files = (
				C699E9A4417D434E494C6C64 /* Assets.xcassets in Resources */,
				8B657528068098B350CCBA1E /* SpendSmartLogo.jpg in Resources */,
				5E571287ADF3D4561FB585A4 /* logo_source.png in Resources */,
			);
			runOnlyForDeploymentPostprocessing = 0;
		};
/* End PBXResourcesBuildPhase section */

/* Begin PBXSourcesBuildPhase section */
		40B0F32519C1E15FD3E22312 /* Sources */ = {
			isa = PBXSourcesBuildPhase;
			buildActionMask = 2147483647;
			files = (
				CA976D87078A320AD84AF503 /* Account.swift in Sources */,
				E48F301875A49ACB60B0BD95 /* AccountBalanceManager.swift in Sources */,
				472E8F14D9C70CC374F4CB22 /* AccountBreakdownRow.swift in Sources */,
				882D741F49754512A502F631 /* AccountCard.swift in Sources */,
				F91E26BCBE32ED717A486D78 /* AccountListView.swift in Sources */,
				D6AED72CD6B32EB4760CD6F0 /* AccountPickerCard.swift in Sources */,
				1586EB3B77C8A0245B1059E9 /* AccountSummaryCard.swift in Sources */,
				4D293D585FCA10DBA4E2AD44 /* AccountView.swift in Sources */,
				D831E4CC39A7CA3DE26B4A0F /* AddAccountView.swift in Sources */,
				0034353B2EB64A71F9DCE395 /* AddEditCategoryView.swift in Sources */,
				620DD59ACB8157D173B0FF93 /* AddEditIncomeSourceView.swift in Sources */,
				B307624F3FCD23E7EDAC0DFF /* AddEditRecurringExpenseView.swift in Sources */,
				71682EE6C46DEA52E513D69B /* AddExpenseView.swift in Sources */,
				89B25CB32B22A52B89B3FA91 /* AmountText.swift in Sources */,
				58CD3650D208BB152B0161C2 /* AppLockView.swift in Sources */,
				18BA9EE1EE840A3F841BF88E /* AuthFlowView.swift in Sources */,
				B27D49C5033048208FCE76DD /* AuthLandingView.swift in Sources */,
				228BB3FAF2C8B78B31B95638 /* AuthTextField.swift in Sources */,
				1AE6109A04BCF974ED5BB4D3 /* AuthValidation.swift in Sources */,
				73578200092F61F898873E33 /* AuthenticationService.swift in Sources */,
				B5FB6BA688F9D7A2C0E2EF29 /* AutoBackupManager.swift in Sources */,
				046CF2EF96F3630B80971FB3 /* AutosaveCommitter.swift in Sources */,
				42333DEDF3FEE91DD465C190 /* AutosaveStatusView.swift in Sources */,
				082A052FE033348DB6347CB1 /* BalanceAdjustmentView.swift in Sources */,
				34801C1E8CA67D461B82A1ED /* BiometricAuthManager.swift in Sources */,
				4C371F410C7C9D45CA43D5F0 /* BudgetCalculator.swift in Sources */,
				777ACC98932F585EB8708975 /* BudgetSettings.swift in Sources */,
				00563EA3D0C4D050B496EF21 /* CardBackground.swift in Sources */,
				2EEEBA05D340CFA344020979 /* Category.swift in Sources */,
				EA38046A2EC5ACEDAF484D4B /* CategoryBreakdownRow.swift in Sources */,
				C2F3C8E2DFBF411993E9146F /* CategoryManagementView.swift in Sources */,
				3562A434DF5873D1223A034B /* CategoryPickerCard.swift in Sources */,
				BA05F1BE25896237D648260A /* ColorHex.swift in Sources */,
				BC50170B1FDB95F24C8543F8 /* ConnectedAccountsView.swift in Sources */,
				D89191E661A1466FDA2BEC5B /* CreateAccountView.swift in Sources */,
				CCAFE489DFF581E8AD0B8504 /* CreditCardDetailView.swift in Sources */,
				0CC1FFB8D6EB36D3D57D8C78 /* CreditCardPaymentView.swift in Sources */,
				24F1E9C79920ECE884E90143 /* CreditUtilizationCalculator.swift in Sources */,
				DA82C2E95ECC731CF9750493 /* CreditUtilizationView.swift in Sources */,
				777566E8F150F726236EB582 /* CurrencyAmountField.swift in Sources */,
				F333BCB7E052B9EC01ED5BFD /* DailyTransactionGroup.swift in Sources */,
				0B8FF746A6701F8186C95E80 /* DashboardSectionHeader.swift in Sources */,
				E9E79D3CE05E97536C250F25 /* DashboardView.swift in Sources */,
				BE9F4D204819C773C37B9DC8 /* DataBackupView.swift in Sources */,
				EE19143846EC9202CA6E7A3C /* DateRangeHelper.swift in Sources */,
				06760C826405350EBE81F849 /* EmptyStateCard.swift in Sources */,
				18283E88C01E68EBF63F930A /* ExpenseListView.swift in Sources */,
				50ED86D76CAD4B7C359C6A58 /* FilterChip.swift in Sources */,
				AEC26BBAFD37191D42199585 /* FinanceTrackApp.swift in Sources */,
				356DABD0CC19DB561918B2D5 /* FinanceTransaction.swift in Sources */,
				4516520D84A3B592D4BD7527 /* ForgotPasswordView.swift in Sources */,
				2438969362DF13C3B24A45FF /* ImportedTransactionsReviewView.swift in Sources */,
				17AAD3EB332A1928F3646B79 /* IncomeSource.swift in Sources */,
				D326059E8FACC1F4A46CA617 /* InsightsView.swift in Sources */,
				9898DFD317439CB56240B0C6 /* LabeledPickerRow.swift in Sources */,
				0CF7DAFBCD57B8C39094F950 /* ManualAccountDeletionService.swift in Sources */,
				183AE12411E0156D091F7914 /* ManualAccountDetailView.swift in Sources */,
				1744E35C541089A59FF9347B /* ManualTransactionDeletionService.swift in Sources */,
				EC3FDFE8ACF261DDF9C7FB61 /* MonthSelectorView.swift in Sources */,
				1B678EB5E2F65A66E36C5FC8 /* MonthlyGoalEditView.swift in Sources */,
				B927469ABC496AA44FD4B1C7 /* MonthlyOutlookCard.swift in Sources */,
				B820E063D5E5ACCDE8678342 /* MonthlyPlanCalculator.swift in Sources */,
				F0522750D762011637CD4C28 /* MonthlyPlanHeroCard.swift in Sources */,
				FF1F84AE36D0306DB0C239C0 /* MonthlyPlanSettings.swift in Sources */,
				0D5829CD642B913E35A17B3D /* MonthlyPlanSettingsEditView.swift in Sources */,
				166719A6E7EBC375C726B68C /* MonthlyPlanView.swift in Sources */,
				41794CF1184E88679984C6DC /* MonthlySummaryHeroCard.swift in Sources */,
				F9387EC85E116EFD152D7138 /* MonthlySummaryView.swift in Sources */,
				C68061D1F96D1793199544BE /* NewPasswordView.swift in Sources */,
				298FBBD6D7E8045283B1E5ED /* PlaidBackendService.swift in Sources */,
				F1419E9FC95772ED1B55A9CE /* PlaidBalanceFormatter.swift in Sources */,
				7C8E45056FEBD60BF1FD21D9 /* PlaidConnectionManager.swift in Sources */,
				3E7DCE76353F8EB0E8A47003 /* PlaidTransactionDTO.swift in Sources */,
				85F7FD379A8DB2AAD49BB609 /* PlaidTransactionImportService.swift in Sources */,
				697A6594AA0DD4DE3B23C062 /* PlanFrequency.swift in Sources */,
				C687D4EF27CF8D7845549472 /* PlanTiming.swift in Sources */,
				5C5811B9826D6A87D4ED665A /* PremiumActionButton.swift in Sources */,
				7865EFF918E7042399C7A229 /* PrivacyAmountView.swift in Sources */,
				612FFDFDD5E3C753077ABAD0 /* PrivacyModeManager.swift in Sources */,
				506A2EE70166746AD9938E17 /* RecurringExpense.swift in Sources */,
				62075D9C735E5C3F442CD579 /* SampleData.swift in Sources */,
				5448627E8396B1DC232CBABD /* SecurityNotesView.swift in Sources */,
				83998F4D82465C966D8C99F7 /* SettingsView.swift in Sources */,
				8097714A1C1D8EB73FFABBD8 /* SignInView.swift in Sources */,
				6746679D56B60CC7277D19F6 /* SpendSmartBackupService.swift in Sources */,
				493CA94586D7DEA8B1FFA6F5 /* SpendSmartQueryEngine.swift in Sources */,
				6BEC2460FF0BE9D10B35CFE1 /* SpendingCardView.swift in Sources */,
				F18D899FDAA6878C836E1DF2 /* StatCard.swift in Sources */,
				C74B6D75C9AF54E36E3EC039 /* StatusBadge.swift in Sources */,
				5EA4DA29ACB02885EE526C8F /* SupabaseConfig.swift in Sources */,
				F61026332C46DBD2B382AF67 /* Theme.swift in Sources */,
				D7E36969F86AAD3228597B9F /* TransactionListFilter.swift in Sources */,
				6D19F574754A5794517B5AD1 /* TransactionMatcher.swift in Sources */,
				8E865ECE128EE599A83B1B44 /* TransactionRow.swift in Sources */,
				F6CC61B7F44F3D6C80E7182F /* TransactionSource.swift in Sources */,
				7FB8B7279079767030F98DF9 /* TransactionSyncProvider.swift in Sources */,
				A79B5EEEC6EC89A108D39C6A /* TransactionToggleRow.swift in Sources */,
				F41E25F2E7B81DA434214F88 /* TransactionType.swift in Sources */,
				AF04CC2CED2334E59F04516B /* VerifyEmailView.swift in Sources */,
				B6DEC4072E940EAC1503CDE1 /* WeeklyBudgetHeroCard.swift in Sources */,
				181DCFD187827A7E345BFF44 /* WeeklyBudgetView.swift in Sources */,
				24FE4D8B5D167FBDF6F2913B /* WeeklyLimitEditView.swift in Sources */,
				5D4D13D343DDD78F57687FE6 /* WeeklyMonthlyTotalCard.swift in Sources */,
				BE9884AB0E3A79730AC092B2 /* WeeklyPlanComparisonRow.swift in Sources */,
				4DDD8FB5AC3BA892444F89AB /* WeeklyProgressView.swift in Sources */,
			);
			runOnlyForDeploymentPostprocessing = 0;
		};
		DE2D09EBF8F8AD19F52094B3 /* Sources */ = {
			isa = PBXSourcesBuildPhase;
			buildActionMask = 2147483647;
			files = (
				A4C88AD2200F5DA233E1293E /* FinanceTrackTests.swift in Sources */,
			);
			runOnlyForDeploymentPostprocessing = 0;
		};
/* End PBXSourcesBuildPhase section */

/* Begin PBXTargetDependency section */
		8C2E54D3AE0732098DA2053A /* PBXTargetDependency */ = {
			isa = PBXTargetDependency;
			target = 43E3379BD54E167FF556E30F /* FinanceTrack */;
			targetProxy = 4FECC2E92A350E654430D63A /* PBXContainerItemProxy */;
		};
/* End PBXTargetDependency section */

/* Begin XCBuildConfiguration section */
		0FB729828EED6E90891BF244 /* Release */ = {
			isa = XCBuildConfiguration;
			buildSettings = {
				BUNDLE_LOADER = "$(TEST_HOST)";
				GENERATE_INFOPLIST_FILE = YES;
				IPHONEOS_DEPLOYMENT_TARGET = 17.0;
				LD_RUNPATH_SEARCH_PATHS = (
					"$(inherited)",
					"@executable_path/Frameworks",
					"@loader_path/Frameworks",
				);
				PRODUCT_BUNDLE_IDENTIFIER = com.scott.FinanceTrackTests;
				SDKROOT = iphoneos;
				TARGETED_DEVICE_FAMILY = "1,2";
				TEST_HOST = "$(BUILT_PRODUCTS_DIR)/FinanceTrack.app/FinanceTrack";
			};
			name = Release;
		};
		12B576EA5F3F6BC0CA5317B9 /* Debug */ = {
			isa = XCBuildConfiguration;
			buildSettings = {
				BUNDLE_LOADER = "$(TEST_HOST)";
				GENERATE_INFOPLIST_FILE = YES;
				IPHONEOS_DEPLOYMENT_TARGET = 17.0;
				LD_RUNPATH_SEARCH_PATHS = (
					"$(inherited)",
					"@executable_path/Frameworks",
					"@loader_path/Frameworks",
				);
				PRODUCT_BUNDLE_IDENTIFIER = com.scott.FinanceTrackTests;
				SDKROOT = iphoneos;
				TARGETED_DEVICE_FAMILY = "1,2";
				TEST_HOST = "$(BUILT_PRODUCTS_DIR)/FinanceTrack.app/FinanceTrack";
			};
			name = Debug;
		};
		14034987A60EAB4837BF6BA1 /* Debug */ = {
			isa = XCBuildConfiguration;
			buildSettings = {
				ALWAYS_SEARCH_USER_PATHS = NO;
				CLANG_ANALYZER_NONNULL = YES;
				CLANG_ANALYZER_NUMBER_OBJECT_CONVERSION = YES_AGGRESSIVE;
				CLANG_CXX_LANGUAGE_STANDARD = "gnu++14";
				CLANG_CXX_LIBRARY = "libc++";
				CLANG_ENABLE_MODULES = YES;
				CLANG_ENABLE_OBJC_ARC = YES;
				CLANG_ENABLE_OBJC_WEAK = YES;
				CLANG_WARN_BLOCK_CAPTURE_AUTORELEASING = YES;
				CLANG_WARN_BOOL_CONVERSION = YES;
				CLANG_WARN_COMMA = YES;
				CLANG_WARN_CONSTANT_CONVERSION = YES;
				CLANG_WARN_DEPRECATED_OBJC_IMPLEMENTATIONS = YES;
				CLANG_WARN_DIRECT_OBJC_ISA_USAGE = YES_ERROR;
				CLANG_WARN_DOCUMENTATION_COMMENTS = YES;
				CLANG_WARN_EMPTY_BODY = YES;
				CLANG_WARN_ENUM_CONVERSION = YES;
				CLANG_WARN_INFINITE_RECURSION = YES;
				CLANG_WARN_INT_CONVERSION = YES;
				CLANG_WARN_NON_LITERAL_NULL_CONVERSION = YES;
				CLANG_WARN_OBJC_IMPLICIT_RETAIN_SELF = YES;
				CLANG_WARN_OBJC_LITERAL_CONVERSION = YES;
				CLANG_WARN_OBJC_ROOT_CLASS = YES_ERROR;
				CLANG_WARN_QUOTED_INCLUDE_IN_FRAMEWORK_HEADER = YES;
				CLANG_WARN_RANGE_LOOP_ANALYSIS = YES;
				CLANG_WARN_STRICT_PROTOTYPES = YES;
				CLANG_WARN_SUSPICIOUS_MOVE = YES;
				CLANG_WARN_UNGUARDED_AVAILABILITY = YES_AGGRESSIVE;
				CLANG_WARN_UNREACHABLE_CODE = YES;
				CLANG_WARN__DUPLICATE_METHOD_MATCH = YES;
				CODE_SIGN_STYLE = Automatic;
				COPY_PHASE_STRIP = NO;
				CURRENT_PROJECT_VERSION = 5;
				DEBUG_INFORMATION_FORMAT = dwarf;
				ENABLE_STRICT_OBJC_MSGSEND = YES;
				ENABLE_TESTABILITY = YES;
				GCC_C_LANGUAGE_STANDARD = gnu11;
				GCC_DYNAMIC_NO_PIC = NO;
				GCC_NO_COMMON_BLOCKS = YES;
				GCC_OPTIMIZATION_LEVEL = 0;
				GCC_PREPROCESSOR_DEFINITIONS = (
					"$(inherited)",
					"DEBUG=1",
				);
				GCC_WARN_64_TO_32_BIT_CONVERSION = YES;
				GCC_WARN_ABOUT_RETURN_TYPE = YES_ERROR;
				GCC_WARN_UNDECLARED_SELECTOR = YES;
				GCC_WARN_UNINITIALIZED_AUTOS = YES_AGGRESSIVE;
				GCC_WARN_UNUSED_FUNCTION = YES;
				GCC_WARN_UNUSED_VARIABLE = YES;
				IPHONEOS_DEPLOYMENT_TARGET = 17.0;
				MARKETING_VERSION = 1.0.0;
				MTL_ENABLE_DEBUG_INFO = INCLUDE_SOURCE;
				MTL_FAST_MATH = YES;
				ONLY_ACTIVE_ARCH = YES;
				PRODUCT_NAME = "$(TARGET_NAME)";
				SDKROOT = iphoneos;
				SWIFT_ACTIVE_COMPILATION_CONDITIONS = DEBUG;
				SWIFT_OPTIMIZATION_LEVEL = "-Onone";
				SWIFT_VERSION = 5.0;
			};
			name = Debug;
		};
		3828745E6281B93F0AD4CECE /* Release */ = {
			isa = XCBuildConfiguration;
			buildSettings = {
				ASSETCATALOG_COMPILER_APPICON_NAME = AppIcon;
				ASSETCATALOG_COMPILER_GLOBAL_ACCENT_COLOR_NAME = AccentColor;
				CODE_SIGN_IDENTITY = "iPhone Developer";
				CODE_SIGN_STYLE = Automatic;
				DEVELOPMENT_TEAM = 2UZJX3TEG4;
				ENABLE_PREVIEWS = YES;
				INFOPLIST_FILE = FinanceTrack/Info.plist;
				IPHONEOS_DEPLOYMENT_TARGET = 17.0;
				LD_RUNPATH_SEARCH_PATHS = (
					"$(inherited)",
					"@executable_path/Frameworks",
				);
				PRODUCT_BUNDLE_IDENTIFIER = com.scott.financetrack;
				PRODUCT_NAME = FinanceTrack;
				SDKROOT = iphoneos;
				SWIFT_EMIT_LOC_STRINGS = YES;
				TARGETED_DEVICE_FAMILY = "1,2";
			};
			name = Release;
		};
		6B409EF0ECD9EB426120B6C2 /* Release */ = {
			isa = XCBuildConfiguration;
			buildSettings = {
				ALWAYS_SEARCH_USER_PATHS = NO;
				CLANG_ANALYZER_NONNULL = YES;
				CLANG_ANALYZER_NUMBER_OBJECT_CONVERSION = YES_AGGRESSIVE;
				CLANG_CXX_LANGUAGE_STANDARD = "gnu++14";
				CLANG_CXX_LIBRARY = "libc++";
				CLANG_ENABLE_MODULES = YES;
				CLANG_ENABLE_OBJC_ARC = YES;
				CLANG_ENABLE_OBJC_WEAK = YES;
				CLANG_WARN_BLOCK_CAPTURE_AUTORELEASING = YES;
				CLANG_WARN_BOOL_CONVERSION = YES;
				CLANG_WARN_COMMA = YES;
				CLANG_WARN_CONSTANT_CONVERSION = YES;
				CLANG_WARN_DEPRECATED_OBJC_IMPLEMENTATIONS = YES;
				CLANG_WARN_DIRECT_OBJC_ISA_USAGE = YES_ERROR;
				CLANG_WARN_DOCUMENTATION_COMMENTS = YES;
				CLANG_WARN_EMPTY_BODY = YES;
				CLANG_WARN_ENUM_CONVERSION = YES;
				CLANG_WARN_INFINITE_RECURSION = YES;
				CLANG_WARN_INT_CONVERSION = YES;
				CLANG_WARN_NON_LITERAL_NULL_CONVERSION = YES;
				CLANG_WARN_OBJC_IMPLICIT_RETAIN_SELF = YES;
				CLANG_WARN_OBJC_LITERAL_CONVERSION = YES;
				CLANG_WARN_OBJC_ROOT_CLASS = YES_ERROR;
				CLANG_WARN_QUOTED_INCLUDE_IN_FRAMEWORK_HEADER = YES;
				CLANG_WARN_RANGE_LOOP_ANALYSIS = YES;
				CLANG_WARN_STRICT_PROTOTYPES = YES;
				CLANG_WARN_SUSPICIOUS_MOVE = YES;
				CLANG_WARN_UNGUARDED_AVAILABILITY = YES_AGGRESSIVE;
				CLANG_WARN_UNREACHABLE_CODE = YES;
				CLANG_WARN__DUPLICATE_METHOD_MATCH = YES;
				CODE_SIGN_STYLE = Automatic;
				COPY_PHASE_STRIP = NO;
				CURRENT_PROJECT_VERSION = 5;
				DEBUG_INFORMATION_FORMAT = "dwarf-with-dsym";
				ENABLE_NS_ASSERTIONS = NO;
				ENABLE_STRICT_OBJC_MSGSEND = YES;
				GCC_C_LANGUAGE_STANDARD = gnu11;
				GCC_NO_COMMON_BLOCKS = YES;
				GCC_WARN_64_TO_32_BIT_CONVERSION = YES;
				GCC_WARN_ABOUT_RETURN_TYPE = YES_ERROR;
				GCC_WARN_UNDECLARED_SELECTOR = YES;
				GCC_WARN_UNINITIALIZED_AUTOS = YES_AGGRESSIVE;
				GCC_WARN_UNUSED_FUNCTION = YES;
				GCC_WARN_UNUSED_VARIABLE = YES;
				IPHONEOS_DEPLOYMENT_TARGET = 17.0;
				MARKETING_VERSION = 1.0.0;
				MTL_ENABLE_DEBUG_INFO = NO;
				MTL_FAST_MATH = YES;
				PRODUCT_NAME = "$(TARGET_NAME)";
				SDKROOT = iphoneos;
				SWIFT_COMPILATION_MODE = wholemodule;
				SWIFT_OPTIMIZATION_LEVEL = "-O";
				SWIFT_VERSION = 5.0;
			};
			name = Release;
		};
		FC474DA44FC754BB1F470FF0 /* Debug */ = {
			isa = XCBuildConfiguration;
			buildSettings = {
				ASSETCATALOG_COMPILER_APPICON_NAME = AppIcon;
				ASSETCATALOG_COMPILER_GLOBAL_ACCENT_COLOR_NAME = AccentColor;
				CODE_SIGN_IDENTITY = "iPhone Developer";
				CODE_SIGN_STYLE = Automatic;
				DEVELOPMENT_TEAM = 2UZJX3TEG4;
				ENABLE_PREVIEWS = YES;
				INFOPLIST_FILE = FinanceTrack/Info.plist;
				IPHONEOS_DEPLOYMENT_TARGET = 17.0;
				LD_RUNPATH_SEARCH_PATHS = (
					"$(inherited)",
					"@executable_path/Frameworks",
				);
				PRODUCT_BUNDLE_IDENTIFIER = com.scott.financetrack;
				PRODUCT_NAME = FinanceTrack;
				SDKROOT = iphoneos;
				SWIFT_EMIT_LOC_STRINGS = YES;
				TARGETED_DEVICE_FAMILY = "1,2";
			};
			name = Debug;
		};
/* End XCBuildConfiguration section */

/* Begin XCConfigurationList section */
		7AD7252823EAB912763A2C4A /* Build configuration list for PBXNativeTarget "FinanceTrack" */ = {
			isa = XCConfigurationList;
			buildConfigurations = (
				FC474DA44FC754BB1F470FF0 /* Debug */,
				3828745E6281B93F0AD4CECE /* Release */,
			);
			defaultConfigurationIsVisible = 0;
			defaultConfigurationName = Debug;
		};
		E3794AADC3A651DC7CB1E1E4 /* Build configuration list for PBXNativeTarget "FinanceTrackTests" */ = {
			isa = XCConfigurationList;
			buildConfigurations = (
				12B576EA5F3F6BC0CA5317B9 /* Debug */,
				0FB729828EED6E90891BF244 /* Release */,
			);
			defaultConfigurationIsVisible = 0;
			defaultConfigurationName = Debug;
		};
		FBC004004E24E8B6EFFCB1CF /* Build configuration list for PBXProject "FinanceTrack" */ = {
			isa = XCConfigurationList;
			buildConfigurations = (
				14034987A60EAB4837BF6BA1 /* Debug */,
				6B409EF0ECD9EB426120B6C2 /* Release */,
			);
			defaultConfigurationIsVisible = 0;
			defaultConfigurationName = Debug;
		};
/* End XCConfigurationList section */

/* Begin XCRemoteSwiftPackageReference section */
		158F6AF86EEE65F696FA06DA /* XCRemoteSwiftPackageReference "supabase-swift" */ = {
			isa = XCRemoteSwiftPackageReference;
			repositoryURL = "https://github.com/supabase/supabase-swift.git";
			requirement = {
				kind = upToNextMajorVersion;
				minimumVersion = 2.0.0;
			};
		};
		A9F7731713A415D4D87DDFDB /* XCRemoteSwiftPackageReference "plaid-link-ios-spm" */ = {
			isa = XCRemoteSwiftPackageReference;
			repositoryURL = "https://github.com/plaid/plaid-link-ios-spm.git";
			requirement = {
				kind = upToNextMajorVersion;
				minimumVersion = 7.0.0;
			};
		};
/* End XCRemoteSwiftPackageReference section */

/* Begin XCSwiftPackageProductDependency section */
		341A0FC9385016C01D20A9AE /* LinkKit */ = {
			isa = XCSwiftPackageProductDependency;
			package = A9F7731713A415D4D87DDFDB /* XCRemoteSwiftPackageReference "plaid-link-ios-spm" */;
			productName = LinkKit;
		};
		CC5B0E92835132963ABF1D6F /* Supabase */ = {
			isa = XCSwiftPackageProductDependency;
			package = 158F6AF86EEE65F696FA06DA /* XCRemoteSwiftPackageReference "supabase-swift" */;
			productName = Supabase;
		};
/* End XCSwiftPackageProductDependency section */
	};
	rootObject = 4BF16B6249B7AB5751745FE2 /* Project object */;
}
